
Microsoft Visual Studio Solution File, Format Version 12.00
# Visual Studio Version 16
VisualStudioVersion = 16.0.31019.35
MinimumVisualStudioVersion = 10.0.40219.1
Project("{FAE04EC0-301F-11D3-BF4B-00C04F79EFBC}") = "Levi9.Ui.Project", "Levi9.Ui.Project\Levi9.Ui.Project.csproj", "{36B21F16-DBEF-4CBA-9CAB-89B1A17F52EA}"
EndProject
Global
	GlobalSection(SolutionConfigurationPlatforms) = preSolution
		Debug|Any CPU = Debug|Any CPU
		Release|Any CPU = Release|Any CPU
	EndGlobalSection
	GlobalSection(ProjectConfigurationPlatforms) = postSolution
		{36B21F16-DBEF-4CBA-9CAB-89B1A17F52EA}.Debug|Any CPU.ActiveCfg = Debug|Any CPU
		{36B21F16-DBEF-4CBA-9CAB-89B1A17F52EA}.Debug|Any CPU.Build.0 = Debug|Any CPU
		{36B21F16-DBEF-4CBA-9CAB-89B1A17F52EA}.Release|Any CPU.ActiveCfg = Release|Any CPU
		{36B21F16-DBEF-4CBA-9CAB-89B1A17F52EA}.Release|Any CPU.Build.0 = Release|Any CPU
	EndGlobalSection
	GlobalSection(SolutionProperties) = preSolution
		HideSolutionNode = FALSE
	EndGlobalSection
	GlobalSection(ExtensibilityGlobals) = postSolution
		SolutionGuid = {7A8FA4A7-0DD2-4F2E-B69D-0DFC5C8D96D6}
	EndGlobalSection
EndGlobal
